
Microsoft Visual Studio Solution File, Format Version 12.00
# Visual Studio Version 16
VisualStudioVersion = 16.0.30011.22
MinimumVisualStudioVersion = 10.0.40219.1
Project("{FAE04EC0-301F-11D3-BF4B-00C04F79EFBC}") = "WpfDatumkiezer", "WpfDatumkiezer\WpfDatumkiezer.csproj", "{D16A5842-3606-472B-AB04-48AEE1EB9521}"
EndProject
Project("{FAE04EC0-301F-11D3-BF4B-00C04F79EFBC}") = "– WpfGebruikersnaam", "– WpfGebruikersnaam\– WpfGebruikersnaam.csproj", "{5D8210F7-CDE4-4A4E-8C77-C1DC4F414888}"
EndProject
Project("{FAE04EC0-301F-11D3-BF4B-00C04F79EFBC}") = "WpfOXO", "WpfOXO\WpfOXO.csproj", "{762AFB5D-D066-48E3-B3AD-C32D267104C3}"
EndProject
Project("{FAE04EC0-301F-11D3-BF4B-00C04F79EFBC}") = "WpfCalculatorTAG", "WpfCalculatorTAG\WpfCalculatorTAG.csproj", "{914D5988-3636-40C1-B915-A942CB524B14}"
EndProject
Project("{FAE04EC0-301F-11D3-BF4B-00C04F79EFBC}") = "WpfOpties", "WpfOpties\WpfOpties.csproj", "{A7C57FFD-E455-4C66-8F2F-2ED0F0FBF7A2}"
EndProject
Global
	GlobalSection(SolutionConfigurationPlatforms) = preSolution
		Debug|Any CPU = Debug|Any CPU
		Release|Any CPU = Release|Any CPU
	EndGlobalSection
	GlobalSection(ProjectConfigurationPlatforms) = postSolution
		{D16A5842-3606-472B-AB04-48AEE1EB9521}.Debug|Any CPU.ActiveCfg = Debug|Any CPU
		{D16A5842-3606-472B-AB04-48AEE1EB9521}.Debug|Any CPU.Build.0 = Debug|Any CPU
		{D16A5842-3606-472B-AB04-48AEE1EB9521}.Release|Any CPU.ActiveCfg = Release|Any CPU
		{D16A5842-3606-472B-AB04-48AEE1EB9521}.Release|Any CPU.Build.0 = Release|Any CPU
		{5D8210F7-CDE4-4A4E-8C77-C1DC4F414888}.Debug|Any CPU.ActiveCfg = Debug|Any CPU
		{5D8210F7-CDE4-4A4E-8C77-C1DC4F414888}.Debug|Any CPU.Build.0 = Debug|Any CPU
		{5D8210F7-CDE4-4A4E-8C77-C1DC4F414888}.Release|Any CPU.ActiveCfg = Release|Any CPU
		{5D8210F7-CDE4-4A4E-8C77-C1DC4F414888}.Release|Any CPU.Build.0 = Release|Any CPU
		{762AFB5D-D066-48E3-B3AD-C32D267104C3}.Debug|Any CPU.ActiveCfg = Debug|Any CPU
		{762AFB5D-D066-48E3-B3AD-C32D267104C3}.Debug|Any CPU.Build.0 = Debug|Any CPU
		{762AFB5D-D066-48E3-B3AD-C32D267104C3}.Release|Any CPU.ActiveCfg = Release|Any CPU
		{762AFB5D-D066-48E3-B3AD-C32D267104C3}.Release|Any CPU.Build.0 = Release|Any CPU
		{914D5988-3636-40C1-B915-A942CB524B14}.Debug|Any CPU.ActiveCfg = Debug|Any CPU
		{914D5988-3636-40C1-B915-A942CB524B14}.Debug|Any CPU.Build.0 = Debug|Any CPU
		{914D5988-3636-40C1-B915-A942CB524B14}.Release|Any CPU.ActiveCfg = Release|Any CPU
		{914D5988-3636-40C1-B915-A942CB524B14}.Release|Any CPU.Build.0 = Release|Any CPU
		{A7C57FFD-E455-4C66-8F2F-2ED0F0FBF7A2}.Debug|Any CPU.ActiveCfg = Debug|Any CPU
		{A7C57FFD-E455-4C66-8F2F-2ED0F0FBF7A2}.Debug|Any CPU.Build.0 = Debug|Any CPU
		{A7C57FFD-E455-4C66-8F2F-2ED0F0FBF7A2}.Release|Any CPU.ActiveCfg = Release|Any CPU
		{A7C57FFD-E455-4C66-8F2F-2ED0F0FBF7A2}.Release|Any CPU.Build.0 = Release|Any CPU
	EndGlobalSection
	GlobalSection(SolutionProperties) = preSolution
		HideSolutionNode = FALSE
	EndGlobalSection
	GlobalSection(ExtensibilityGlobals) = postSolution
		SolutionGuid = {1F8887EA-F3F1-4FCC-BCE9-0C2FF3F6BF26}
	EndGlobalSection
EndGlobal
