
Microsoft Visual Studio Solution File, Format Version 12.00
# Visual Studio Version 16
VisualStudioVersion = 16.0.30011.22
MinimumVisualStudioVersion = 10.0.40219.1
Project("{FAE04EC0-301F-11D3-BF4B-00C04F79EFBC}") = "ConsoleHelloWorld01", "ConsoleHelloWorld01\ConsoleHelloWorld01.csproj", "{BEFB4661-72A5-4881-94F7-86832C31BA54}"
EndProject
Project("{FAE04EC0-301F-11D3-BF4B-00C04F79EFBC}") = "WpFHelloWorld", "WpFHelloWorld\WpFHelloWorld.csproj", "{2D9B997C-4420-43B1-8D2A-EAF030642000}"
EndProject
Global
	GlobalSection(SolutionConfigurationPlatforms) = preSolution
		Debug|Any CPU = Debug|Any CPU
		Release|Any CPU = Release|Any CPU
	EndGlobalSection
	GlobalSection(ProjectConfigurationPlatforms) = postSolution
		{BEFB4661-72A5-4881-94F7-86832C31BA54}.Debug|Any CPU.ActiveCfg = Debug|Any CPU
		{BEFB4661-72A5-4881-94F7-86832C31BA54}.Debug|Any CPU.Build.0 = Debug|Any CPU
		{BEFB4661-72A5-4881-94F7-86832C31BA54}.Release|Any CPU.ActiveCfg = Release|Any CPU
		{BEFB4661-72A5-4881-94F7-86832C31BA54}.Release|Any CPU.Build.0 = Release|Any CPU
		{2D9B997C-4420-43B1-8D2A-EAF030642000}.Debug|Any CPU.ActiveCfg = Debug|Any CPU
		{2D9B997C-4420-43B1-8D2A-EAF030642000}.Debug|Any CPU.Build.0 = Debug|Any CPU
		{2D9B997C-4420-43B1-8D2A-EAF030642000}.Release|Any CPU.ActiveCfg = Release|Any CPU
		{2D9B997C-4420-43B1-8D2A-EAF030642000}.Release|Any CPU.Build.0 = Release|Any CPU
	EndGlobalSection
	GlobalSection(SolutionProperties) = preSolution
		HideSolutionNode = FALSE
	EndGlobalSection
	GlobalSection(ExtensibilityGlobals) = postSolution
		SolutionGuid = {0C25A39A-7BC8-48AC-9A3E-35B41F638F9D}
	EndGlobalSection
EndGlobal
