
Microsoft Visual Studio Solution File, Format Version 12.00
# Visual Studio Version 16
VisualStudioVersion = 16.0.30011.22
MinimumVisualStudioVersion = 10.0.40219.1
Project("{FAE04EC0-301F-11D3-BF4B-00C04F79EFBC}") = "WpfRaden", "WpfRaden\WpfRaden.csproj", "{6DAEBC04-F03E-47FA-8673-41B5081C9A94}"
EndProject
Global
	GlobalSection(SolutionConfigurationPlatforms) = preSolution
		Debug|Any CPU = Debug|Any CPU
		Release|Any CPU = Release|Any CPU
	EndGlobalSection
	GlobalSection(ProjectConfigurationPlatforms) = postSolution
		{6DAEBC04-F03E-47FA-8673-41B5081C9A94}.Debug|Any CPU.ActiveCfg = Debug|Any CPU
		{6DAEBC04-F03E-47FA-8673-41B5081C9A94}.Debug|Any CPU.Build.0 = Debug|Any CPU
		{6DAEBC04-F03E-47FA-8673-41B5081C9A94}.Release|Any CPU.ActiveCfg = Release|Any CPU
		{6DAEBC04-F03E-47FA-8673-41B5081C9A94}.Release|Any CPU.Build.0 = Release|Any CPU
	EndGlobalSection
	GlobalSection(SolutionProperties) = preSolution
		HideSolutionNode = FALSE
	EndGlobalSection
	GlobalSection(ExtensibilityGlobals) = postSolution
		SolutionGuid = {CB9B0A30-3389-4CE7-BE1C-F792B7640E6E}
	EndGlobalSection
EndGlobal
